
Microsoft Visual Studio Solution File, Format Version 12.00
# Visual Studio 2013
VisualStudioVersion = 12.0.30723.0
MinimumVisualStudioVersion = 10.0.40219.1
Project("{FAE04EC0-301F-11D3-BF4B-00C04F79EFBC}") = "ObjectCollab.Domain", "ObjectCollab.Domain\ObjectCollab.Domain.csproj", "{F55314C3-416D-4B1E-AC4E-444617CCF050}"
EndProject
Project("{FAE04EC0-301F-11D3-BF4B-00C04F79EFBC}") = "ObjectCollab.Migration", "ObjectCollab.Migration\ObjectCollab.Migration.csproj", "{95BE2543-6BC9-471E-AD47-48544571875E}"
EndProject
Project("{FAE04EC0-301F-11D3-BF4B-00C04F79EFBC}") = "ObjectCollab.DAL", "ObjectCollab.DAL\ObjectCollab.DAL.csproj", "{228A78DD-C383-4698-ADEB-F0AA6C741374}"
EndProject
Project("{FAE04EC0-301F-11D3-BF4B-00C04F79EFBC}") = "ObjectCollab.Specs.Unit", "ObjectCollab.Specs.Unit\ObjectCollab.Specs.Unit.csproj", "{5AF4BA36-2E12-49E4-BCF8-96A1E2B73B18}"
EndProject
Project("{FAE04EC0-301F-11D3-BF4B-00C04F79EFBC}") = "ObjectCollab.BusinessLayer", "ObjectCollab.BusinessLayer\ObjectCollab.BusinessLayer.csproj", "{48BD04EC-9939-47FE-AFAB-B9A12014B540}"
EndProject
Project("{FAE04EC0-301F-11D3-BF4B-00C04F79EFBC}") = "ObjectCollab.Enums", "ObjectCollab.Enums\ObjectCollab.Enums.csproj", "{7E60F416-F0EC-4DF3-ACF2-3CA17696C7F7}"
EndProject
Project("{FAE04EC0-301F-11D3-BF4B-00C04F79EFBC}") = "ObjectCollab.ConsoleApp", "ObjectCollab.ConsoleApp\ObjectCollab.ConsoleApp.csproj", "{08FF7B31-E032-4DB4-9CFC-95C27BCF95C8}"
EndProject
Global
	GlobalSection(SolutionConfigurationPlatforms) = preSolution
		Debug|Any CPU = Debug|Any CPU
		Release|Any CPU = Release|Any CPU
	EndGlobalSection
	GlobalSection(ProjectConfigurationPlatforms) = postSolution
		{F55314C3-416D-4B1E-AC4E-444617CCF050}.Debug|Any CPU.ActiveCfg = Debug|Any CPU
		{F55314C3-416D-4B1E-AC4E-444617CCF050}.Debug|Any CPU.Build.0 = Debug|Any CPU
		{F55314C3-416D-4B1E-AC4E-444617CCF050}.Release|Any CPU.ActiveCfg = Release|Any CPU
		{F55314C3-416D-4B1E-AC4E-444617CCF050}.Release|Any CPU.Build.0 = Release|Any CPU
		{95BE2543-6BC9-471E-AD47-48544571875E}.Debug|Any CPU.ActiveCfg = Debug|Any CPU
		{95BE2543-6BC9-471E-AD47-48544571875E}.Debug|Any CPU.Build.0 = Debug|Any CPU
		{95BE2543-6BC9-471E-AD47-48544571875E}.Release|Any CPU.ActiveCfg = Release|Any CPU
		{95BE2543-6BC9-471E-AD47-48544571875E}.Release|Any CPU.Build.0 = Release|Any CPU
		{228A78DD-C383-4698-ADEB-F0AA6C741374}.Debug|Any CPU.ActiveCfg = Debug|Any CPU
		{228A78DD-C383-4698-ADEB-F0AA6C741374}.Debug|Any CPU.Build.0 = Debug|Any CPU
		{228A78DD-C383-4698-ADEB-F0AA6C741374}.Release|Any CPU.ActiveCfg = Release|Any CPU
		{228A78DD-C383-4698-ADEB-F0AA6C741374}.Release|Any CPU.Build.0 = Release|Any CPU
		{5AF4BA36-2E12-49E4-BCF8-96A1E2B73B18}.Debug|Any CPU.ActiveCfg = Debug|Any CPU
		{5AF4BA36-2E12-49E4-BCF8-96A1E2B73B18}.Debug|Any CPU.Build.0 = Debug|Any CPU
		{5AF4BA36-2E12-49E4-BCF8-96A1E2B73B18}.Release|Any CPU.ActiveCfg = Release|Any CPU
		{5AF4BA36-2E12-49E4-BCF8-96A1E2B73B18}.Release|Any CPU.Build.0 = Release|Any CPU
		{48BD04EC-9939-47FE-AFAB-B9A12014B540}.Debug|Any CPU.ActiveCfg = Debug|Any CPU
		{48BD04EC-9939-47FE-AFAB-B9A12014B540}.Debug|Any CPU.Build.0 = Debug|Any CPU
		{48BD04EC-9939-47FE-AFAB-B9A12014B540}.Release|Any CPU.ActiveCfg = Release|Any CPU
		{48BD04EC-9939-47FE-AFAB-B9A12014B540}.Release|Any CPU.Build.0 = Release|Any CPU
		{7E60F416-F0EC-4DF3-ACF2-3CA17696C7F7}.Debug|Any CPU.ActiveCfg = Debug|Any CPU
		{7E60F416-F0EC-4DF3-ACF2-3CA17696C7F7}.Debug|Any CPU.Build.0 = Debug|Any CPU
		{7E60F416-F0EC-4DF3-ACF2-3CA17696C7F7}.Release|Any CPU.ActiveCfg = Release|Any CPU
		{7E60F416-F0EC-4DF3-ACF2-3CA17696C7F7}.Release|Any CPU.Build.0 = Release|Any CPU
		{08FF7B31-E032-4DB4-9CFC-95C27BCF95C8}.Debug|Any CPU.ActiveCfg = Debug|Any CPU
		{08FF7B31-E032-4DB4-9CFC-95C27BCF95C8}.Debug|Any CPU.Build.0 = Debug|Any CPU
		{08FF7B31-E032-4DB4-9CFC-95C27BCF95C8}.Release|Any CPU.ActiveCfg = Release|Any CPU
		{08FF7B31-E032-4DB4-9CFC-95C27BCF95C8}.Release|Any CPU.Build.0 = Release|Any CPU
	EndGlobalSection
	GlobalSection(SolutionProperties) = preSolution
		HideSolutionNode = FALSE
	EndGlobalSection
EndGlobal
